
Microsoft Visual Studio Solution File, Format Version 12.00
# Visual Studio Version 17
VisualStudioVersion = 17.3.32929.385
MinimumVisualStudioVersion = 10.0.40219.1
Project("{9A19103F-16F7-4668-BE54-9A1E7A4F7556}") = "Weknow.Cypher.Builder", "Weknow.Cypher.Builder\Weknow.Cypher.Builder.csproj", "{3A06C4F6-FFB3-40A4-A600-D779659C5D53}"
EndProject
Project("{2150E333-8FDC-42A3-9474-1A3956D46DE8}") = "Tests", "Tests", "{70D6F4D2-BE7E-4574-B4C7-E402D59AE5FA}"
EndProject
Project("{9A19103F-16F7-4668-BE54-9A1E7A4F7556}") = "Weknow.Cypher.Builder.UnitTests", "Tests\Weknow.Cypher.Builder.UnitTests\Weknow.Cypher.Builder.UnitTests.csproj", "{1F2B3CCE-AB81-4024-9C6C-1B1354070246}"
EndProject
Project("{2150E333-8FDC-42A3-9474-1A3956D46DE8}") = "Solution Items", "Solution Items", "{E9A66CE0-FFD9-4FED-87C5-1A37D78AC8FE}"
	ProjectSection(SolutionItems) = preProject
		.editorconfig = .editorconfig
		.gitattributes = .gitattributes
		.gitignore = .gitignore
		Directory.Build.props = Directory.Build.props
		ParseConvention.MD = ParseConvention.MD
		README.md = README.md
	EndProjectSection
EndProject
Project("{2150E333-8FDC-42A3-9474-1A3956D46DE8}") = "GraphDb.Client", "GraphDb.Client", "{166ABB0D-D7FF-43BB-8C62-D66EB392A548}"
EndProject
Project("{2150E333-8FDC-42A3-9474-1A3956D46DE8}") = "Neo4j", "Neo4j", "{A8229413-DD35-4D96-A32A-89D1101D0C19}"
EndProject
Project("{2150E333-8FDC-42A3-9474-1A3956D46DE8}") = "Redis", "Redis", "{C2336F3F-2DF1-4AE7-B2F3-F77F40E3B466}"
EndProject
Project("{9A19103F-16F7-4668-BE54-9A1E7A4F7556}") = "Weknow.GraphDbClient.Neo4j.IntegrationTests", "Tests\Weknow.GraphDbClient.Neo4j.IntegrationTests\Weknow.GraphDbClient.Neo4j.IntegrationTests.csproj", "{49CC8FBD-22C0-46A5-BCAB-B95D31FBD151}"
EndProject
Project("{9A19103F-16F7-4668-BE54-9A1E7A4F7556}") = "Weknow.GraphDbClient.Redis.IntegrationTests", "Tests\Weknow.GraphDbClient.Redis.IntegrationTests\Weknow.GraphDbClient.Redis.IntegrationTests.csproj", "{B63766CE-0280-477D-A00E-42752FBABE82}"
EndProject
Project("{9A19103F-16F7-4668-BE54-9A1E7A4F7556}") = "Weknow.GraphDbClient.Abstraction", "GraphDb.Client\Weknow.GraphDbClient.Abstraction\Weknow.GraphDbClient.Abstraction.csproj", "{ADAF7B60-1AF5-42A7-8E40-31257F6D7E56}"
EndProject
Project("{9A19103F-16F7-4668-BE54-9A1E7A4F7556}") = "Weknow.GraphDbClient.Redis", "GraphDb.Client\Redis\Weknow.GraphDbClient.Redis\Weknow.GraphDbClient.Redis.csproj", "{E97301FC-F1CE-4DC1-8907-4E71C8BAEC83}"
EndProject
Project("{9A19103F-16F7-4668-BE54-9A1E7A4F7556}") = "Weknow.GraphDbClient.Neo4j", "GraphDb.Client\Neo4j\Weknow.GraphDbClient.Neo4j\Weknow.GraphDbClient.Neo4j.csproj", "{9EB7F3AE-280E-4C94-BC03-C888C2A40D12}"
EndProject
Project("{9A19103F-16F7-4668-BE54-9A1E7A4F7556}") = "Weknow.GraphDbClient.IntegrationTests.Abstract", "Tests\Weknow.GraphDbClient.IntegrationTests.Abstract\Weknow.GraphDbClient.IntegrationTests.Abstract.csproj", "{644AD1C4-9EB3-41AD-A1B4-27EDAF96A787}"
EndProject
Project("{9A19103F-16F7-4668-BE54-9A1E7A4F7556}") = "Weknow.Cypher.Builder.Extensions", "Weknow.Cypher.Builder.Extensions\Weknow.Cypher.Builder.Extensions.csproj", "{4D79D997-8C22-4708-AFD1-0C43AF9CE418}"
EndProject
Global
	GlobalSection(SolutionConfigurationPlatforms) = preSolution
		Debug|Any CPU = Debug|Any CPU
		Release|Any CPU = Release|Any CPU
	EndGlobalSection
	GlobalSection(ProjectConfigurationPlatforms) = postSolution
		{3A06C4F6-FFB3-40A4-A600-D779659C5D53}.Debug|Any CPU.ActiveCfg = Debug|Any CPU
		{3A06C4F6-FFB3-40A4-A600-D779659C5D53}.Debug|Any CPU.Build.0 = Debug|Any CPU
		{3A06C4F6-FFB3-40A4-A600-D779659C5D53}.Release|Any CPU.ActiveCfg = Release|Any CPU
		{3A06C4F6-FFB3-40A4-A600-D779659C5D53}.Release|Any CPU.Build.0 = Release|Any CPU
		{1F2B3CCE-AB81-4024-9C6C-1B1354070246}.Debug|Any CPU.ActiveCfg = Debug|Any CPU
		{1F2B3CCE-AB81-4024-9C6C-1B1354070246}.Debug|Any CPU.Build.0 = Debug|Any CPU
		{1F2B3CCE-AB81-4024-9C6C-1B1354070246}.Release|Any CPU.ActiveCfg = Release|Any CPU
		{1F2B3CCE-AB81-4024-9C6C-1B1354070246}.Release|Any CPU.Build.0 = Release|Any CPU
		{49CC8FBD-22C0-46A5-BCAB-B95D31FBD151}.Debug|Any CPU.ActiveCfg = Debug|Any CPU
		{49CC8FBD-22C0-46A5-BCAB-B95D31FBD151}.Debug|Any CPU.Build.0 = Debug|Any CPU
		{49CC8FBD-22C0-46A5-BCAB-B95D31FBD151}.Release|Any CPU.ActiveCfg = Release|Any CPU
		{49CC8FBD-22C0-46A5-BCAB-B95D31FBD151}.Release|Any CPU.Build.0 = Release|Any CPU
		{B63766CE-0280-477D-A00E-42752FBABE82}.Debug|Any CPU.ActiveCfg = Debug|Any CPU
		{B63766CE-0280-477D-A00E-42752FBABE82}.Debug|Any CPU.Build.0 = Debug|Any CPU
		{B63766CE-0280-477D-A00E-42752FBABE82}.Release|Any CPU.ActiveCfg = Release|Any CPU
		{B63766CE-0280-477D-A00E-42752FBABE82}.Release|Any CPU.Build.0 = Release|Any CPU
		{ADAF7B60-1AF5-42A7-8E40-31257F6D7E56}.Debug|Any CPU.ActiveCfg = Debug|Any CPU
		{ADAF7B60-1AF5-42A7-8E40-31257F6D7E56}.Debug|Any CPU.Build.0 = Debug|Any CPU
		{ADAF7B60-1AF5-42A7-8E40-31257F6D7E56}.Release|Any CPU.ActiveCfg = Release|Any CPU
		{ADAF7B60-1AF5-42A7-8E40-31257F6D7E56}.Release|Any CPU.Build.0 = Release|Any CPU
		{E97301FC-F1CE-4DC1-8907-4E71C8BAEC83}.Debug|Any CPU.ActiveCfg = Debug|Any CPU
		{E97301FC-F1CE-4DC1-8907-4E71C8BAEC83}.Debug|Any CPU.Build.0 = Debug|Any CPU
		{E97301FC-F1CE-4DC1-8907-4E71C8BAEC83}.Release|Any CPU.ActiveCfg = Release|Any CPU
		{E97301FC-F1CE-4DC1-8907-4E71C8BAEC83}.Release|Any CPU.Build.0 = Release|Any CPU
		{9EB7F3AE-280E-4C94-BC03-C888C2A40D12}.Debug|Any CPU.ActiveCfg = Debug|Any CPU
		{9EB7F3AE-280E-4C94-BC03-C888C2A40D12}.Debug|Any CPU.Build.0 = Debug|Any CPU
		{9EB7F3AE-280E-4C94-BC03-C888C2A40D12}.Release|Any CPU.ActiveCfg = Release|Any CPU
		{9EB7F3AE-280E-4C94-BC03-C888C2A40D12}.Release|Any CPU.Build.0 = Release|Any CPU
		{644AD1C4-9EB3-41AD-A1B4-27EDAF96A787}.Debug|Any CPU.ActiveCfg = Debug|Any CPU
		{644AD1C4-9EB3-41AD-A1B4-27EDAF96A787}.Debug|Any CPU.Build.0 = Debug|Any CPU
		{644AD1C4-9EB3-41AD-A1B4-27EDAF96A787}.Release|Any CPU.ActiveCfg = Release|Any CPU
		{644AD1C4-9EB3-41AD-A1B4-27EDAF96A787}.Release|Any CPU.Build.0 = Release|Any CPU
		{4D79D997-8C22-4708-AFD1-0C43AF9CE418}.Debug|Any CPU.ActiveCfg = Debug|Any CPU
		{4D79D997-8C22-4708-AFD1-0C43AF9CE418}.Debug|Any CPU.Build.0 = Debug|Any CPU
		{4D79D997-8C22-4708-AFD1-0C43AF9CE418}.Release|Any CPU.ActiveCfg = Release|Any CPU
		{4D79D997-8C22-4708-AFD1-0C43AF9CE418}.Release|Any CPU.Build.0 = Release|Any CPU
	EndGlobalSection
	GlobalSection(SolutionProperties) = preSolution
		HideSolutionNode = FALSE
	EndGlobalSection
	GlobalSection(NestedProjects) = preSolution
		{1F2B3CCE-AB81-4024-9C6C-1B1354070246} = {70D6F4D2-BE7E-4574-B4C7-E402D59AE5FA}
		{A8229413-DD35-4D96-A32A-89D1101D0C19} = {166ABB0D-D7FF-43BB-8C62-D66EB392A548}
		{C2336F3F-2DF1-4AE7-B2F3-F77F40E3B466} = {166ABB0D-D7FF-43BB-8C62-D66EB392A548}
		{49CC8FBD-22C0-46A5-BCAB-B95D31FBD151} = {70D6F4D2-BE7E-4574-B4C7-E402D59AE5FA}
		{B63766CE-0280-477D-A00E-42752FBABE82} = {70D6F4D2-BE7E-4574-B4C7-E402D59AE5FA}
		{ADAF7B60-1AF5-42A7-8E40-31257F6D7E56} = {166ABB0D-D7FF-43BB-8C62-D66EB392A548}
		{E97301FC-F1CE-4DC1-8907-4E71C8BAEC83} = {C2336F3F-2DF1-4AE7-B2F3-F77F40E3B466}
		{9EB7F3AE-280E-4C94-BC03-C888C2A40D12} = {A8229413-DD35-4D96-A32A-89D1101D0C19}
		{644AD1C4-9EB3-41AD-A1B4-27EDAF96A787} = {70D6F4D2-BE7E-4574-B4C7-E402D59AE5FA}
	EndGlobalSection
	GlobalSection(ExtensibilityGlobals) = postSolution
		SolutionGuid = {A5165861-FF25-467F-9B2D-E9626AF32A1A}
	EndGlobalSection
EndGlobal
